github.com/SSripilaipong/go-common v0.0.0-20250721051940-98deb07e84cc h1:cnBJlLRzGjGqLVyDle0Tlqia3Oqx0EvvmeBUzb7hIYs=
github.com/SSripilaipong/go-common v0.0.0-20250721051940-98deb07e84cc/go.mod h1:CKGmumotwLLhe9l1S954J56o1kbQUuCY8PjeEPokf5s=
github.com/SSripilaipong/go-common v0.0.0-20250803103645-bcc828805a02 h1:QoHzrmYWXFPWB6CdnUPcbOQi3HJPKV5lzeKQ4hdj7Qc=
github.com/SSripilaipong/go-common v0.0.0-20250803103645-bcc828805a02/go.mod h1:CKGmumotwLLhe9l1S954J56o1kbQUuCY8PjeEPokf5s=
github.com/SSripilaipong/muto v0.0.3 h1:UGccYUM9UJPS0t07/9DBIGUiLsEr0oDo+X3fHQAb3G8=
github.com/SSripilaipong/muto v0.0.3/go.mod h1:oo0VePglGmgxtxEhslcE3byETb6jYMLz1eZYPuzVGuM=
github.com/SSripilaipong/muto v0.0.4-0.20250721051559-24595bbb54d5 h1:5AqpxzRfZRbykSR9W2JEJc2IUBF3rMO+uglDzCHxNys=
github.com/SSripilaipong/muto v0.0.4-0.20250721051559-24595bbb54d5/go.mod h1:blu6OyQ0dtfvAWTh8Pw8fK7oUBeYE8DUUBT45meIyKs=
github.com/SSripilaipong/muto v0.0.4-0.20250809171012-2fffe6f0fc2e h1:h5mWQWA5d+pCPWnFqOusSE0nlD0p8kd/3EYeLpQKg9M=
github.com/SSripilaipong/muto v0.0.4-0.20250809171012-2fffe6f0fc2e/go.mod h1:blu6OyQ0dtfvAWTh8Pw8fK7oUBeYE8DUUBT45meIyKs=
github.com/SSripilaipong/muto v0.0.4-0.20250809172409-4adcf1b4709e h1:V+GI45ivHFE97pJ3m8M8u3Kl5O3ip2w4vZZgic3AuQQ=
github.com/SSripilaipong/muto v0.0.4-0.20250809172409-4adcf1b4709e/go.mod h1:blu6OyQ0dtfvAWTh8Pw8fK7oUBeYE8DUUBT45meIyKs=
github.com/chzyer/logex v1.2.1 h1:XHDu3E6q+gdHgsdTPH6ImJMIp436vR6MPtH8gP05QzM=
github.com/chzyer/logex v1.2.1/go.mod h1:JLbx6lG2kDbNRFnfkgvh4eRJRPX1QCoOIWomwysCBrQ=
github.com/chzyer/readline v1.5.1 h1:upd/6fQk4src78LMRzh5vItIt361/o4uq553V8B5sGI=
github.com/chzyer/readline v1.5.1/go.mod h1:Eh+b79XXUwfKfcPLepksvw2tcLE/Ct21YObkaSkeBlk=
github.com/chzyer/test v1.0.0 h1:p3BQDXSxOhOG0P9z6/hGnII4LGiEPOYBhs8asl/fC04=
github.com/chzyer/test v1.0.0/go.mod h1:2JlltgoNkt4TW/z9V/IzDdFaMTM2JPIi26O1pF38GC8=
github.com/cpuguy83/go-md2man/v2 v2.0.7 h1:zbFlGlXEAKlwXpmvle3d8Oe3YnkKIK4xSRTd3sHPnBo=
github.com/cpuguy83/go-md2man/v2 v2.0.7/go.mod h1:oOW0eioCTA6cOiMLiUPZOpcVxMig6NIQQ7OS05n1F4g=
github.com/russross/blackfriday/v2 v2.1.0 h1:JIOH55/0cWyOuilr9/qlrm0BSXldqnqwMsf35Ld67mk=
github.com/russross/blackfriday/v2 v2.1.0/go.mod h1:+Rmxgy9KzJVeS9/2gXHxylqXiyQDYRxCVz55jmeOWTM=
github.com/urfave/cli/v2 v2.27.7 h1:bH59vdhbjLv3LAvIu6gd0usJHgoTTPhCFib8qqOwXYU=
github.com/urfave/cli/v2 v2.27.7/go.mod h1:CyNAG/xg+iAOg0N4MPGZqVmv2rCoP267496AOXUZjA4=
github.com/xrash/smetrics v0.0.0-20240521201337-686a1a2994c1 h1:gEOO8jv9F4OT7lGCjxCBTO/36wtF6j2nSip77qHd4x4=
github.com/xrash/smetrics v0.0.0-20240521201337-686a1a2994c1/go.mod h1:Ohn+xnUBiLI6FVj/9LpzZWtj1/D6lUovWYBkxHVV3aM=
golang.org/x/sync v0.16.0 h1:ycBJEhp9p4vXvUZNszeOq0kGTPghopOL8q0fq3vstxw=
golang.org/x/sync v0.16.0/go.mod h1:1dzgHSNfp02xaA81J2MS99Qcpr2w7fw1gpm99rleRqA=
golang.org/x/sys v0.0.0-20220310020820-b874c991c1a5 h1:y/woIyUBFbpQGKS0u1aHF/40WUDnek3fPOyD08H5Vng=
golang.org/x/sys v0.0.0-20220310020820-b874c991c1a5/go.mod h1:oPkhp1MJrh7nUepCBck5+mAzfO9JrbApNNgaTdGDITg=
